
Microsoft Visual Studio Solution File, Format Version 12.00
# Visual Studio Version 17
VisualStudioVersion = 17.13.35931.197
MinimumVisualStudioVersion = 10.0.40219.1
Project("{FAE04EC0-301F-11D3-BF4B-00C04F79EFBC}") = "WinFormsApp2", "WinFormsApp2\WinFormsApp2.csproj", "{58176A1D-0A7F-4A1A-BC3F-E9CA9B34B521}"
EndProject
Project("{FAE04EC0-301F-11D3-BF4B-00C04F79EFBC}") = "WinFormsApp4", "WinFormsApp4\WinFormsApp4.csproj", "{4009A032-6F1D-4C0D-B110-731EDD4EADE0}"
EndProject
Global
	GlobalSection(SolutionConfigurationPlatforms) = preSolution
		Debug|Any CPU = Debug|Any CPU
		Release|Any CPU = Release|Any CPU
	EndGlobalSection
	GlobalSection(ProjectConfigurationPlatforms) = postSolution
		{58176A1D-0A7F-4A1A-BC3F-E9CA9B34B521}.Debug|Any CPU.ActiveCfg = Debug|Any CPU
		{58176A1D-0A7F-4A1A-BC3F-E9CA9B34B521}.Debug|Any CPU.Build.0 = Debug|Any CPU
		{58176A1D-0A7F-4A1A-BC3F-E9CA9B34B521}.Release|Any CPU.ActiveCfg = Release|Any CPU
		{58176A1D-0A7F-4A1A-BC3F-E9CA9B34B521}.Release|Any CPU.Build.0 = Release|Any CPU
		{4009A032-6F1D-4C0D-B110-731EDD4EADE0}.Debug|Any CPU.ActiveCfg = Debug|Any CPU
		{4009A032-6F1D-4C0D-B110-731EDD4EADE0}.Debug|Any CPU.Build.0 = Debug|Any CPU
		{4009A032-6F1D-4C0D-B110-731EDD4EADE0}.Release|Any CPU.ActiveCfg = Release|Any CPU
		{4009A032-6F1D-4C0D-B110-731EDD4EADE0}.Release|Any CPU.Build.0 = Release|Any CPU
	EndGlobalSection
	GlobalSection(SolutionProperties) = preSolution
		HideSolutionNode = FALSE
	EndGlobalSection
	GlobalSection(ExtensibilityGlobals) = postSolution
		SolutionGuid = {29A0602E-1C3C-43B9-B4D7-2D4204AD1ADB}
	EndGlobalSection
EndGlobal
